{
  "name": "screensniper",
  "version": "1.0.0",
  "lockfileVersion": 3,
  "requires": true,
  "packages": {
    "": {
      "name": "screensniper",
      "version": "1.0.0",
      "license": "MIT",
      "dependencies": {
        "@screensniper/locales": "latest"
      },
      "devDependencies": {}
    },
    "node_modules/@screensniper/locales": {
      "version": "1.5.0",
      "resolved": "https://registry.npmjs.org/@screensniper/locales/-/locales-1.5.0.tgz",
      "integrity": "sha512-FC/jTmmmF+xeqY/VgHklBxTXQAq14ZZzjnk9Z8UsPY114VJNkkpck7hgRju43yiSdIz7ik86wQyY1MuPHSv8VA==",
      "license": "MIT"
    }
  }
}
